// !$*UTF8*$!
{
	archiveVersion = 1;
	classes = {
	};
	objectVersion = 51;
	objects = {

/* Begin PBXBuildFile section */
		0C04EAF325D8C17200BD0FA8 /* AppDelegate.swift in Sources */ = {isa = PBXBuildFile; fileRef = 0C04EAF225D8C17200BD0FA8 /* AppDelegate.swift */; };
		0C04EAF525D8C17200BD0FA8 /* SceneDelegate.swift in Sources */ = {isa = PBXBuildFile; fileRef = 0C04EAF425D8C17200BD0FA8 /* SceneDelegate.swift */; };
		0C04EAF725D8C17200BD0FA8 /* ViewController.swift in Sources */ = {isa = PBXBuildFile; fileRef = 0C04EAF625D8C17200BD0FA8 /* ViewController.swift */; };
		0C04EAFC25D8C17400BD0FA8 /* Assets.xcassets in Resources */ = {isa = PBXBuildFile; fileRef = 0C04EAFB25D8C17400BD0FA8 /* Assets.xcassets */; };
		0C04EAFF25D8C17400BD0FA8 /* LaunchScreen.storyboard in Resources */ = {isa = PBXBuildFile; fileRef = 0C04EAFD25D8C17400BD0FA8 /* LaunchScreen.storyboard */; };
		0C04EB0A25D8C17400BD0FA8 /* MyTaxiTests.swift in Sources */ = {isa = PBXBuildFile; fileRef = 0C04EB0925D8C17400BD0FA8 /* MyTaxiTests.swift */; };
		0C04EB1525D8C17400BD0FA8 /* MyTaxiUITests.swift in Sources */ = {isa = PBXBuildFile; fileRef = 0C04EB1425D8C17400BD0FA8 /* MyTaxiUITests.swift */; };
		0C04EB2E25D8C5A100BD0FA8 /* VehicleService.swift in Sources */ = {isa = PBXBuildFile; fileRef = 0C04EB2725D8C5A100BD0FA8 /* VehicleService.swift */; };
		0C04EB3025D8C5A100BD0FA8 /* Constants.swift in Sources */ = {isa = PBXBuildFile; fileRef = 0C04EB2A25D8C5A100BD0FA8 /* Constants.swift */; };
		0C04EB3125D8C5A100BD0FA8 /* ApiError.swift in Sources */ = {isa = PBXBuildFile; fileRef = 0C04EB2B25D8C5A100BD0FA8 /* ApiError.swift */; };
		0C04EB3225D8C5A100BD0FA8 /* ApiClient.swift in Sources */ = {isa = PBXBuildFile; fileRef = 0C04EB2C25D8C5A100BD0FA8 /* ApiClient.swift */; };
		0C04EB3325D8C5A100BD0FA8 /* ApiRouter.swift in Sources */ = {isa = PBXBuildFile; fileRef = 0C04EB2D25D8C5A100BD0FA8 /* ApiRouter.swift */; };
		0C04EB4125D8C77C00BD0FA8 /* Vehicle.swift in Sources */ = {isa = PBXBuildFile; fileRef = 0C04EB4025D8C77C00BD0FA8 /* Vehicle.swift */; };
		0C07639225DADB7900EAA9F5 /* Coordinate.swift in Sources */ = {isa = PBXBuildFile; fileRef = 0C07639125DADB7900EAA9F5 /* Coordinate.swift */; };
		0C1441BE25D9D34300383E38 /* MTView.swift in Sources */ = {isa = PBXBuildFile; fileRef = 0C1441BD25D9D34300383E38 /* MTView.swift */; };
		0C1441C325D9D3D200383E38 /* MTButton.swift in Sources */ = {isa = PBXBuildFile; fileRef = 0C1441C225D9D3D200383E38 /* MTButton.swift */; };
		0C1441C925D9DC3F00383E38 /* MTFakeSelectionButton.swift in Sources */ = {isa = PBXBuildFile; fileRef = 0C1441C825D9DC3F00383E38 /* MTFakeSelectionButton.swift */; };
		0C1441CE25D9DDED00383E38 /* MTVehicleDetailsViewController.swift in Sources */ = {isa = PBXBuildFile; fileRef = 0C1441CD25D9DDED00383E38 /* MTVehicleDetailsViewController.swift */; };
		0C1441D425D9DE3300383E38 /* MTVehicleDetailsAdapter.swift in Sources */ = {isa = PBXBuildFile; fileRef = 0C1441D325D9DE3300383E38 /* MTVehicleDetailsAdapter.swift */; };
		0C1441E025D9DE8200383E38 /* MTVehicleDetailsProtocol.swift in Sources */ = {isa = PBXBuildFile; fileRef = 0C1441DF25D9DE8200383E38 /* MTVehicleDetailsProtocol.swift */; };
		0C1441E925D9DEE700383E38 /* MTVehicleDetailsViewModel.swift in Sources */ = {isa = PBXBuildFile; fileRef = 0C1441E825D9DEE700383E38 /* MTVehicleDetailsViewModel.swift */; };
		0CA8439A25DABFCB00838558 /* MTMapWrapperViewController.swift in Sources */ = {isa = PBXBuildFile; fileRef = 0CA8439925DABFCB00838558 /* MTMapWrapperViewController.swift */; };
		0CA843A225DAC1E700838558 /* MTNavigationBar.swift in Sources */ = {isa = PBXBuildFile; fileRef = 0CA843A125DAC1E700838558 /* MTNavigationBar.swift */; };
		0CA843A725DAC20800838558 /* MTGradientView.swift in Sources */ = {isa = PBXBuildFile; fileRef = 0CA843A625DAC20800838558 /* MTGradientView.swift */; };
		0CB2901825D9955A00B681AB /* Map.storyboard in Resources */ = {isa = PBXBuildFile; fileRef = 0CB2901725D9955A00B681AB /* Map.storyboard */; };
		0CB2902125D997BF00B681AB /* materialdesignicons-webfont.ttf in Resources */ = {isa = PBXBuildFile; fileRef = 0CB2902025D997BF00B681AB /* materialdesignicons-webfont.ttf */; };
		0CB2902E25D99FE900B681AB /* MTMapPulleyViewController.swift in Sources */ = {isa = PBXBuildFile; fileRef = 0CB2902D25D99FE900B681AB /* MTMapPulleyViewController.swift */; };
		0CB2903325D9A06B00B681AB /* MTMapViewController.swift in Sources */ = {isa = PBXBuildFile; fileRef = 0CB2903225D9A06B00B681AB /* MTMapViewController.swift */; };
		0CB2903925D9A0DE00B681AB /* MTMapAdapter.swift in Sources */ = {isa = PBXBuildFile; fileRef = 0CB2903825D9A0DE00B681AB /* MTMapAdapter.swift */; };
		0CB2904225D9A1F900B681AB /* MTMapProtocol.swift in Sources */ = {isa = PBXBuildFile; fileRef = 0CB2904125D9A1F900B681AB /* MTMapProtocol.swift */; };
		0CB2904B25D9AC8600B681AB /* MTVehicleListViewModel.swift in Sources */ = {isa = PBXBuildFile; fileRef = 0CB2904A25D9AC8600B681AB /* MTVehicleListViewModel.swift */; };
		0CB2905425D9C66900B681AB /* MTVehicleTableViewCell.swift in Sources */ = {isa = PBXBuildFile; fileRef = 0CB2905325D9C66900B681AB /* MTVehicleTableViewCell.swift */; };
		16A6DC1318B9251895732958 /* Pods_MyTaxiTests.framework in Frameworks */ = {isa = PBXBuildFile; fileRef = 3BAB649708B420D00045FF23 /* Pods_MyTaxiTests.framework */; };
		2A989C7A5F1804F6D019094F /* Pods_MyTaxi_MyTaxiUITests.framework in Frameworks */ = {isa = PBXBuildFile; fileRef = 1E8BF4DE78E390E9DE1F9743 /* Pods_MyTaxi_MyTaxiUITests.framework */; };
		4AF9620A9727989C0E005D27 /* Pods_MyTaxi.framework in Frameworks */ = {isa = PBXBuildFile; fileRef = DA0B265AA74621F36E10F140 /* Pods_MyTaxi.framework */; };
/* End PBXBuildFile section */

/* Begin PBXContainerItemProxy section */
		0C04EB0625D8C17400BD0FA8 /* PBXContainerItemProxy */ = {
			isa = PBXContainerItemProxy;
			containerPortal = 0C04EAE725D8C17200BD0FA8 /* Project object */;
			proxyType = 1;
			remoteGlobalIDString = 0C04EAEE25D8C17200BD0FA8;
			remoteInfo = MyTaxi;
		};
		0C04EB1125D8C17400BD0FA8 /* PBXContainerItemProxy */ = {
			isa = PBXContainerItemProxy;
			containerPortal = 0C04EAE725D8C17200BD0FA8 /* Project object */;
			proxyType = 1;
			remoteGlobalIDString = 0C04EAEE25D8C17200BD0FA8;
			remoteInfo = MyTaxi;
		};
/* End PBXContainerItemProxy section */

/* Begin PBXFileReference section */
		0C04EAEF25D8C17200BD0FA8 /* MyTaxi.app */ = {isa = PBXFileReference; explicitFileType = wrapper.application; includeInIndex = 0; path = MyTaxi.app; sourceTree = BUILT_PRODUCTS_DIR; };
		0C04EAF225D8C17200BD0FA8 /* AppDelegate.swift */ = {isa = PBXFileReference; lastKnownFileType = sourcecode.swift; path = AppDelegate.swift; sourceTree = "<group>"; };
		0C04EAF425D8C17200BD0FA8 /* SceneDelegate.swift */ = {isa = PBXFileReference; lastKnownFileType = sourcecode.swift; path = SceneDelegate.swift; sourceTree = "<group>"; };
		0C04EAF625D8C17200BD0FA8 /* ViewController.swift */ = {isa = PBXFileReference; lastKnownFileType = sourcecode.swift; path = ViewController.swift; sourceTree = "<group>"; };
		0C04EAFB25D8C17400BD0FA8 /* Assets.xcassets */ = {isa = PBXFileReference; lastKnownFileType = folder.assetcatalog; path = Assets.xcassets; sourceTree = "<group>"; };
		0C04EAFE25D8C17400BD0FA8 /* Base */ = {isa = PBXFileReference; lastKnownFileType = file.storyboard; name = Base; path = Base.lproj/LaunchScreen.storyboard; sourceTree = "<group>"; };
		0C04EB0025D8C17400BD0FA8 /* Info.plist */ = {isa = PBXFileReference; lastKnownFileType = text.plist.xml; path = Info.plist; sourceTree = "<group>"; };
		0C04EB0525D8C17400BD0FA8 /* MyTaxiTests.xctest */ = {isa = PBXFileReference; explicitFileType = wrapper.cfbundle; includeInIndex = 0; path = MyTaxiTests.xctest; sourceTree = BUILT_PRODUCTS_DIR; };
		0C04EB0925D8C17400BD0FA8 /* MyTaxiTests.swift */ = {isa = PBXFileReference; lastKnownFileType = sourcecode.swift; path = MyTaxiTests.swift; sourceTree = "<group>"; };
		0C04EB0B25D8C17400BD0FA8 /* Info.plist */ = {isa = PBXFileReference; lastKnownFileType = text.plist.xml; path = Info.plist; sourceTree = "<group>"; };
		0C04EB1025D8C17400BD0FA8 /* MyTaxiUITests.xctest */ = {isa = PBXFileReference; explicitFileType = wrapper.cfbundle; includeInIndex = 0; path = MyTaxiUITests.xctest; sourceTree = BUILT_PRODUCTS_DIR; };
		0C04EB1425D8C17400BD0FA8 /* MyTaxiUITests.swift */ = {isa = PBXFileReference; lastKnownFileType = sourcecode.swift; path = MyTaxiUITests.swift; sourceTree = "<group>"; };
		0C04EB1625D8C17400BD0FA8 /* Info.plist */ = {isa = PBXFileReference; lastKnownFileType = text.plist.xml; path = Info.plist; sourceTree = "<group>"; };
		0C04EB2725D8C5A100BD0FA8 /* VehicleService.swift */ = {isa = PBXFileReference; fileEncoding = 4; lastKnownFileType = sourcecode.swift; path = VehicleService.swift; sourceTree = "<group>"; };
		0C04EB2A25D8C5A100BD0FA8 /* Constants.swift */ = {isa = PBXFileReference; fileEncoding = 4; lastKnownFileType = sourcecode.swift; path = Constants.swift; sourceTree = "<group>"; };
		0C04EB2B25D8C5A100BD0FA8 /* ApiError.swift */ = {isa = PBXFileReference; fileEncoding = 4; lastKnownFileType = sourcecode.swift; path = ApiError.swift; sourceTree = "<group>"; };
		0C04EB2C25D8C5A100BD0FA8 /* ApiClient.swift */ = {isa = PBXFileReference; fileEncoding = 4; lastKnownFileType = sourcecode.swift; path = ApiClient.swift; sourceTree = "<group>"; };
		0C04EB2D25D8C5A100BD0FA8 /* ApiRouter.swift */ = {isa = PBXFileReference; fileEncoding = 4; lastKnownFileType = sourcecode.swift; path = ApiRouter.swift; sourceTree = "<group>"; };
		0C04EB4025D8C77C00BD0FA8 /* Vehicle.swift */ = {isa = PBXFileReference; lastKnownFileType = sourcecode.swift; path = Vehicle.swift; sourceTree = "<group>"; };
		0C07639125DADB7900EAA9F5 /* Coordinate.swift */ = {isa = PBXFileReference; lastKnownFileType = sourcecode.swift; path = Coordinate.swift; sourceTree = "<group>"; };
		0C1441BD25D9D34300383E38 /* MTView.swift */ = {isa = PBXFileReference; lastKnownFileType = sourcecode.swift; path = MTView.swift; sourceTree = "<group>"; };
		0C1441C225D9D3D200383E38 /* MTButton.swift */ = {isa = PBXFileReference; lastKnownFileType = sourcecode.swift; path = MTButton.swift; sourceTree = "<group>"; };
		0C1441C825D9DC3F00383E38 /* MTFakeSelectionButton.swift */ = {isa = PBXFileReference; lastKnownFileType = sourcecode.swift; path = MTFakeSelectionButton.swift; sourceTree = "<group>"; };
		0C1441CD25D9DDED00383E38 /* MTVehicleDetailsViewController.swift */ = {isa = PBXFileReference; lastKnownFileType = sourcecode.swift; path = MTVehicleDetailsViewController.swift; sourceTree = "<group>"; };
		0C1441D325D9DE3300383E38 /* MTVehicleDetailsAdapter.swift */ = {isa = PBXFileReference; lastKnownFileType = sourcecode.swift; path = MTVehicleDetailsAdapter.swift; sourceTree = "<group>"; };
		0C1441DF25D9DE8200383E38 /* MTVehicleDetailsProtocol.swift */ = {isa = PBXFileReference; lastKnownFileType = sourcecode.swift; path = MTVehicleDetailsProtocol.swift; sourceTree = "<group>"; };
		0C1441E825D9DEE700383E38 /* MTVehicleDetailsViewModel.swift */ = {isa = PBXFileReference; lastKnownFileType = sourcecode.swift; path = MTVehicleDetailsViewModel.swift; sourceTree = "<group>"; };
		0CA8439925DABFCB00838558 /* MTMapWrapperViewController.swift */ = {isa = PBXFileReference; lastKnownFileType = sourcecode.swift; path = MTMapWrapperViewController.swift; sourceTree = "<group>"; };
		0CA843A125DAC1E700838558 /* MTNavigationBar.swift */ = {isa = PBXFileReference; lastKnownFileType = sourcecode.swift; path = MTNavigationBar.swift; sourceTree = "<group>"; };
		0CA843A625DAC20800838558 /* MTGradientView.swift */ = {isa = PBXFileReference; lastKnownFileType = sourcecode.swift; path = MTGradientView.swift; sourceTree = "<group>"; };
		0CB2901725D9955A00B681AB /* Map.storyboard */ = {isa = PBXFileReference; lastKnownFileType = file.storyboard; path = Map.storyboard; sourceTree = "<group>"; };
		0CB2902025D997BF00B681AB /* materialdesignicons-webfont.ttf */ = {isa = PBXFileReference; lastKnownFileType = file; path = "materialdesignicons-webfont.ttf"; sourceTree = "<group>"; };
		0CB2902D25D99FE900B681AB /* MTMapPulleyViewController.swift */ = {isa = PBXFileReference; lastKnownFileType = sourcecode.swift; path = MTMapPulleyViewController.swift; sourceTree = "<group>"; };
		0CB2903225D9A06B00B681AB /* MTMapViewController.swift */ = {isa = PBXFileReference; lastKnownFileType = sourcecode.swift; path = MTMapViewController.swift; sourceTree = "<group>"; };
		0CB2903825D9A0DE00B681AB /* MTMapAdapter.swift */ = {isa = PBXFileReference; lastKnownFileType = sourcecode.swift; path = MTMapAdapter.swift; sourceTree = "<group>"; };
		0CB2904125D9A1F900B681AB /* MTMapProtocol.swift */ = {isa = PBXFileReference; lastKnownFileType = sourcecode.swift; path = MTMapProtocol.swift; sourceTree = "<group>"; };
		0CB2904A25D9AC8600B681AB /* MTVehicleListViewModel.swift */ = {isa = PBXFileReference; lastKnownFileType = sourcecode.swift; path = MTVehicleListViewModel.swift; sourceTree = "<group>"; };
		0CB2905325D9C66900B681AB /* MTVehicleTableViewCell.swift */ = {isa = PBXFileReference; lastKnownFileType = sourcecode.swift; path = MTVehicleTableViewCell.swift; sourceTree = "<group>"; };
		1E8BF4DE78E390E9DE1F9743 /* Pods_MyTaxi_MyTaxiUITests.framework */ = {isa = PBXFileReference; explicitFileType = wrapper.framework; includeInIndex = 0; path = Pods_MyTaxi_MyTaxiUITests.framework; sourceTree = BUILT_PRODUCTS_DIR; };
		3BAB649708B420D00045FF23 /* Pods_MyTaxiTests.framework */ = {isa = PBXFileReference; explicitFileType = wrapper.framework; includeInIndex = 0; path = Pods_MyTaxiTests.framework; sourceTree = BUILT_PRODUCTS_DIR; };
		3DCFC05AFA7E3581FE375A59 /* Pods-MyTaxi.debug.xcconfig */ = {isa = PBXFileReference; includeInIndex = 1; lastKnownFileType = text.xcconfig; name = "Pods-MyTaxi.debug.xcconfig"; path = "Target Support Files/Pods-MyTaxi/Pods-MyTaxi.debug.xcconfig"; sourceTree = "<group>"; };
		895022AA3F9B1E4F716600B4 /* Pods-MyTaxi.release.xcconfig */ = {isa = PBXFileReference; includeInIndex = 1; lastKnownFileType = text.xcconfig; name = "Pods-MyTaxi.release.xcconfig"; path = "Target Support Files/Pods-MyTaxi/Pods-MyTaxi.release.xcconfig"; sourceTree = "<group>"; };
		9F463237B4CBE821DF8575B8 /* Pods-MyTaxiTests.release.xcconfig */ = {isa = PBXFileReference; includeInIndex = 1; lastKnownFileType = text.xcconfig; name = "Pods-MyTaxiTests.release.xcconfig"; path = "Target Support Files/Pods-MyTaxiTests/Pods-MyTaxiTests.release.xcconfig"; sourceTree = "<group>"; };
		ACDA586F456BF6C3C5ED7D1E /* Pods-MyTaxi-MyTaxiUITests.debug.xcconfig */ = {isa = PBXFileReference; includeInIndex = 1; lastKnownFileType = text.xcconfig; name = "Pods-MyTaxi-MyTaxiUITests.debug.xcconfig"; path = "Target Support Files/Pods-MyTaxi-MyTaxiUITests/Pods-MyTaxi-MyTaxiUITests.debug.xcconfig"; sourceTree = "<group>"; };
		BB81B7F9965F7461AA9A46DB /* Pods-MyTaxiTests.debug.xcconfig */ = {isa = PBXFileReference; includeInIndex = 1; lastKnownFileType = text.xcconfig; name = "Pods-MyTaxiTests.debug.xcconfig"; path = "Target Support Files/Pods-MyTaxiTests/Pods-MyTaxiTests.debug.xcconfig"; sourceTree = "<group>"; };
		CFCD1EC487A7032BABA17E35 /* Pods-MyTaxi-MyTaxiUITests.release.xcconfig */ = {isa = PBXFileReference; includeInIndex = 1; lastKnownFileType = text.xcconfig; name = "Pods-MyTaxi-MyTaxiUITests.release.xcconfig"; path = "Target Support Files/Pods-MyTaxi-MyTaxiUITests/Pods-MyTaxi-MyTaxiUITests.release.xcconfig"; sourceTree = "<group>"; };
		DA0B265AA74621F36E10F140 /* Pods_MyTaxi.framework */ = {isa = PBXFileReference; explicitFileType = wrapper.framework; includeInIndex = 0; path = Pods_MyTaxi.framework; sourceTree = BUILT_PRODUCTS_DIR; };
/* End PBXFileReference section */

/* Begin PBXFrameworksBuildPhase section */
		0C04EAEC25D8C17200BD0FA8 /* Frameworks */ = {
			isa = PBXFrameworksBuildPhase;
			buildActionMask = 2147483647;
			files = (
				4AF9620A9727989C0E005D27 /* Pods_MyTaxi.framework in Frameworks */,
			);
			runOnlyForDeploymentPostprocessing = 0;
		};
		0C04EB0225D8C17400BD0FA8 /* Frameworks */ = {
			isa = PBXFrameworksBuildPhase;
			buildActionMask = 2147483647;
			files = (
				16A6DC1318B9251895732958 /* Pods_MyTaxiTests.framework in Frameworks */,
			);
			runOnlyForDeploymentPostprocessing = 0;
		};
		0C04EB0D25D8C17400BD0FA8 /* Frameworks */ = {
			isa = PBXFrameworksBuildPhase;
			buildActionMask = 2147483647;
			files = (
				2A989C7A5F1804F6D019094F /* Pods_MyTaxi_MyTaxiUITests.framework in Frameworks */,
			);
			runOnlyForDeploymentPostprocessing = 0;
		};
/* End PBXFrameworksBuildPhase section */

/* Begin PBXGroup section */
		0C04EAE625D8C17200BD0FA8 = {
			isa = PBXGroup;
			children = (
				0C04EAF125D8C17200BD0FA8 /* MyTaxi */,
				0C04EB0825D8C17400BD0FA8 /* MyTaxiTests */,
				0C04EB1325D8C17400BD0FA8 /* MyTaxiUITests */,
				0C04EAF025D8C17200BD0FA8 /* Products */,
				5B3128ADFEC40C7012B82C9F /* Pods */,
				6BDE671C39AF80C688F31ACF /* Frameworks */,
			);
			sourceTree = "<group>";
		};
		0C04EAF025D8C17200BD0FA8 /* Products */ = {
			isa = PBXGroup;
			children = (
				0C04EAEF25D8C17200BD0FA8 /* MyTaxi.app */,
				0C04EB0525D8C17400BD0FA8 /* MyTaxiTests.xctest */,
				0C04EB1025D8C17400BD0FA8 /* MyTaxiUITests.xctest */,
			);
			name = Products;
			sourceTree = "<group>";
		};
		0C04EAF125D8C17200BD0FA8 /* MyTaxi */ = {
			isa = PBXGroup;
			children = (
				0C1441C725D9DC2F00383E38 /* Components */,
				0C1441BC25D9D33700383E38 /* Extensions */,
				0C04EB3F25D8C73900BD0FA8 /* Model */,
				0C04EB3B25D8C6C200BD0FA8 /* Supporting */,
				0C04EB3A25D8C6AB00BD0FA8 /* Resources */,
				0C04EB3925D8C68700BD0FA8 /* Storyboards */,
				0C04EB3725D8C64800BD0FA8 /* Scenes */,
				0C04EB2525D8C5A100BD0FA8 /* Networking */,
				0C04EAF625D8C17200BD0FA8 /* ViewController.swift */,
			);
			path = MyTaxi;
			sourceTree = "<group>";
		};
		0C04EB0825D8C17400BD0FA8 /* MyTaxiTests */ = {
			isa = PBXGroup;
			children = (
				0C04EB0925D8C17400BD0FA8 /* MyTaxiTests.swift */,
				0C04EB0B25D8C17400BD0FA8 /* Info.plist */,
			);
			path = MyTaxiTests;
			sourceTree = "<group>";
		};
		0C04EB1325D8C17400BD0FA8 /* MyTaxiUITests */ = {
			isa = PBXGroup;
			children = (
				0C04EB1425D8C17400BD0FA8 /* MyTaxiUITests.swift */,
				0C04EB1625D8C17400BD0FA8 /* Info.plist */,
			);
			path = MyTaxiUITests;
			sourceTree = "<group>";
		};
		0C04EB2525D8C5A100BD0FA8 /* Networking */ = {
			isa = PBXGroup;
			children = (
				0C04EB2625D8C5A100BD0FA8 /* API */,
				0C04EB2925D8C5A100BD0FA8 /* Services */,
			);
			path = Networking;
			sourceTree = "<group>";
		};
		0C04EB2625D8C5A100BD0FA8 /* API */ = {
			isa = PBXGroup;
			children = (
				0C04EB2725D8C5A100BD0FA8 /* VehicleService.swift */,
			);
			path = API;
			sourceTree = "<group>";
		};
		0C04EB2925D8C5A100BD0FA8 /* Services */ = {
			isa = PBXGroup;
			children = (
				0C04EB2A25D8C5A100BD0FA8 /* Constants.swift */,
				0C04EB2B25D8C5A100BD0FA8 /* ApiError.swift */,
				0C04EB2C25D8C5A100BD0FA8 /* ApiClient.swift */,
				0C04EB2D25D8C5A100BD0FA8 /* ApiRouter.swift */,
			);
			path = Services;
			sourceTree = "<group>";
		};
		0C04EB3725D8C64800BD0FA8 /* Scenes */ = {
			isa = PBXGroup;
			children = (
				0CA8439725DABFB600838558 /* MapWrapper */,
				0CB2902B25D99FCE00B681AB /* Map */,
				0C04EB6025D95BC600BD0FA8 /* VehicleDetails */,
				0C04EB3825D8C65100BD0FA8 /* AppDelegate */,
			);
			path = Scenes;
			sourceTree = "<group>";
		};
		0C04EB3825D8C65100BD0FA8 /* AppDelegate */ = {
			isa = PBXGroup;
			children = (
				0C04EAF225D8C17200BD0FA8 /* AppDelegate.swift */,
				0C04EAF425D8C17200BD0FA8 /* SceneDelegate.swift */,
			);
			path = AppDelegate;
			sourceTree = "<group>";
		};
		0C04EB3925D8C68700BD0FA8 /* Storyboards */ = {
			isa = PBXGroup;
			children = (
				0C04EAFD25D8C17400BD0FA8 /* LaunchScreen.storyboard */,
				0CB2901725D9955A00B681AB /* Map.storyboard */,
			);
			path = Storyboards;
			sourceTree = "<group>";
		};
		0C04EB3A25D8C6AB00BD0FA8 /* Resources */ = {
			isa = PBXGroup;
			children = (
				0CB2901C25D997A500B681AB /* Fonts */,
				0C04EAFB25D8C17400BD0FA8 /* Assets.xcassets */,
			);
			path = Resources;
			sourceTree = "<group>";
		};
		0C04EB3B25D8C6C200BD0FA8 /* Supporting */ = {
			isa = PBXGroup;
			children = (
				0C04EB0025D8C17400BD0FA8 /* Info.plist */,
			);
			path = Supporting;
			sourceTree = "<group>";
		};
		0C04EB3F25D8C73900BD0FA8 /* Model */ = {
			isa = PBXGroup;
			children = (
				0C04EB4025D8C77C00BD0FA8 /* Vehicle.swift */,
				0C07639125DADB7900EAA9F5 /* Coordinate.swift */,
			);
			path = Model;
			sourceTree = "<group>";
		};
		0C04EB6025D95BC600BD0FA8 /* VehicleDetails */ = {
			isa = PBXGroup;
			children = (
				0CB2905225D9C65300B681AB /* Cell */,
				0C1441E725D9DEDA00383E38 /* ViewModel */,
				0C1441DE25D9DE7600383E38 /* Protocols */,
				0C1441D225D9DE1C00383E38 /* Adapter */,
				0C04EB6125D95BE200BD0FA8 /* View */,
			);
			path = VehicleDetails;
			sourceTree = "<group>";
		};
		0C04EB6125D95BE200BD0FA8 /* View */ = {
			isa = PBXGroup;
			children = (
				0C1441CD25D9DDED00383E38 /* MTVehicleDetailsViewController.swift */,
			);
			path = View;
			sourceTree = "<group>";
		};
		0C1441BC25D9D33700383E38 /* Extensions */ = {
			isa = PBXGroup;
			children = (
			);
			path = Extensions;
			sourceTree = "<group>";
		};
		0C1441C725D9DC2F00383E38 /* Components */ = {
			isa = PBXGroup;
			children = (
				0C1441BD25D9D34300383E38 /* MTView.swift */,
				0C1441C225D9D3D200383E38 /* MTButton.swift */,
				0C1441C825D9DC3F00383E38 /* MTFakeSelectionButton.swift */,
				0CA843A125DAC1E700838558 /* MTNavigationBar.swift */,
				0CA843A625DAC20800838558 /* MTGradientView.swift */,
			);
			path = Components;
			sourceTree = "<group>";
		};
		0C1441D225D9DE1C00383E38 /* Adapter */ = {
			isa = PBXGroup;
			children = (
				0C1441D325D9DE3300383E38 /* MTVehicleDetailsAdapter.swift */,
			);
			path = Adapter;
			sourceTree = "<group>";
		};
		0C1441DE25D9DE7600383E38 /* Protocols */ = {
			isa = PBXGroup;
			children = (
				0C1441DF25D9DE8200383E38 /* MTVehicleDetailsProtocol.swift */,
			);
			path = Protocols;
			sourceTree = "<group>";
		};
		0C1441E725D9DEDA00383E38 /* ViewModel */ = {
			isa = PBXGroup;
			children = (
				0C1441E825D9DEE700383E38 /* MTVehicleDetailsViewModel.swift */,
			);
			path = ViewModel;
			sourceTree = "<group>";
		};
		0CA8439725DABFB600838558 /* MapWrapper */ = {
			isa = PBXGroup;
			children = (
				0CA8439825DABFBD00838558 /* View */,
			);
			path = MapWrapper;
			sourceTree = "<group>";
		};
		0CA8439825DABFBD00838558 /* View */ = {
			isa = PBXGroup;
			children = (
				0CA8439925DABFCB00838558 /* MTMapWrapperViewController.swift */,
			);
			path = View;
			sourceTree = "<group>";
		};
		0CB2901C25D997A500B681AB /* Fonts */ = {
			isa = PBXGroup;
			children = (
				0CB2902025D997BF00B681AB /* materialdesignicons-webfont.ttf */,
			);
			path = Fonts;
			sourceTree = "<group>";
		};
		0CB2902B25D99FCE00B681AB /* Map */ = {
			isa = PBXGroup;
			children = (
				0CB2904925D9AC2F00B681AB /* ViewModel */,
				0CB2904025D9A1E900B681AB /* Protocols */,
				0CB2903725D9A0A700B681AB /* Adapter */,
				0CB2902C25D99FD400B681AB /* View */,
			);
			path = Map;
			sourceTree = "<group>";
		};
		0CB2902C25D99FD400B681AB /* View */ = {
			isa = PBXGroup;
			children = (
				0CB2902D25D99FE900B681AB /* MTMapPulleyViewController.swift */,
				0CB2903225D9A06B00B681AB /* MTMapViewController.swift */,
			);
			path = View;
			sourceTree = "<group>";
		};
		0CB2903725D9A0A700B681AB /* Adapter */ = {
			isa = PBXGroup;
			children = (
				0CB2903825D9A0DE00B681AB /* MTMapAdapter.swift */,
			);
			path = Adapter;
			sourceTree = "<group>";
		};
		0CB2904025D9A1E900B681AB /* Protocols */ = {
			isa = PBXGroup;
			children = (
				0CB2904125D9A1F900B681AB /* MTMapProtocol.swift */,
			);
			path = Protocols;
			sourceTree = "<group>";
		};
		0CB2904925D9AC2F00B681AB /* ViewModel */ = {
			isa = PBXGroup;
			children = (
				0CB2904A25D9AC8600B681AB /* MTVehicleListViewModel.swift */,
			);
			path = ViewModel;
			sourceTree = "<group>";
		};
		0CB2905225D9C65300B681AB /* Cell */ = {
			isa = PBXGroup;
			children = (
				0CB2905325D9C66900B681AB /* MTVehicleTableViewCell.swift */,
			);
			path = Cell;
			sourceTree = "<group>";
		};
		5B3128ADFEC40C7012B82C9F /* Pods */ = {
			isa = PBXGroup;
			children = (
				3DCFC05AFA7E3581FE375A59 /* Pods-MyTaxi.debug.xcconfig */,
				895022AA3F9B1E4F716600B4 /* Pods-MyTaxi.release.xcconfig */,
				ACDA586F456BF6C3C5ED7D1E /* Pods-MyTaxi-MyTaxiUITests.debug.xcconfig */,
				CFCD1EC487A7032BABA17E35 /* Pods-MyTaxi-MyTaxiUITests.release.xcconfig */,
				BB81B7F9965F7461AA9A46DB /* Pods-MyTaxiTests.debug.xcconfig */,
				9F463237B4CBE821DF8575B8 /* Pods-MyTaxiTests.release.xcconfig */,
			);
			path = Pods;
			sourceTree = "<group>";
		};
		6BDE671C39AF80C688F31ACF /* Frameworks */ = {
			isa = PBXGroup;
			children = (
				DA0B265AA74621F36E10F140 /* Pods_MyTaxi.framework */,
				1E8BF4DE78E390E9DE1F9743 /* Pods_MyTaxi_MyTaxiUITests.framework */,
				3BAB649708B420D00045FF23 /* Pods_MyTaxiTests.framework */,
			);
			name = Frameworks;
			sourceTree = "<group>";
		};
/* End PBXGroup section */

/* Begin PBXNativeTarget section */
		0C04EAEE25D8C17200BD0FA8 /* MyTaxi */ = {
			isa = PBXNativeTarget;
			buildConfigurationList = 0C04EB1925D8C17400BD0FA8 /* Build configuration list for PBXNativeTarget "MyTaxi" */;
			buildPhases = (
				8413D4CAB0EB66BF26E84B05 /* [CP] Check Pods Manifest.lock */,
				0C04EAEB25D8C17200BD0FA8 /* Sources */,
				0C04EAEC25D8C17200BD0FA8 /* Frameworks */,
				0C04EAED25D8C17200BD0FA8 /* Resources */,
				B2037DE4BD2E89D5FBE9A066 /* [CP] Embed Pods Frameworks */,
			);
			buildRules = (
			);
			dependencies = (
			);
			name = MyTaxi;
			productName = MyTaxi;
			productReference = 0C04EAEF25D8C17200BD0FA8 /* MyTaxi.app */;
			productType = "com.apple.product-type.application";
		};
		0C04EB0425D8C17400BD0FA8 /* MyTaxiTests */ = {
			isa = PBXNativeTarget;
			buildConfigurationList = 0C04EB1C25D8C17400BD0FA8 /* Build configuration list for PBXNativeTarget "MyTaxiTests" */;
			buildPhases = (
				0D9C7B6FA388413C3BD67B54 /* [CP] Check Pods Manifest.lock */,
				0C04EB0125D8C17400BD0FA8 /* Sources */,
				0C04EB0225D8C17400BD0FA8 /* Frameworks */,
				0C04EB0325D8C17400BD0FA8 /* Resources */,
			);
			buildRules = (
			);
			dependencies = (
				0C04EB0725D8C17400BD0FA8 /* PBXTargetDependency */,
			);
			name = MyTaxiTests;
			productName = MyTaxiTests;
			productReference = 0C04EB0525D8C17400BD0FA8 /* MyTaxiTests.xctest */;
			productType = "com.apple.product-type.bundle.unit-test";
		};
		0C04EB0F25D8C17400BD0FA8 /* MyTaxiUITests */ = {
			isa = PBXNativeTarget;
			buildConfigurationList = 0C04EB1F25D8C17400BD0FA8 /* Build configuration list for PBXNativeTarget "MyTaxiUITests" */;
			buildPhases = (
				4A00B58BF8A4FD738ABA110E /* [CP] Check Pods Manifest.lock */,
				0C04EB0C25D8C17400BD0FA8 /* Sources */,
				0C04EB0D25D8C17400BD0FA8 /* Frameworks */,
				0C04EB0E25D8C17400BD0FA8 /* Resources */,
				E25D5850DBB4E666777BC5DC /* [CP] Embed Pods Frameworks */,
			);
			buildRules = (
			);
			dependencies = (
				0C04EB1225D8C17400BD0FA8 /* PBXTargetDependency */,
			);
			name = MyTaxiUITests;
			productName = MyTaxiUITests;
			productReference = 0C04EB1025D8C17400BD0FA8 /* MyTaxiUITests.xctest */;
			productType = "com.apple.product-type.bundle.ui-testing";
		};
/* End PBXNativeTarget section */

/* Begin PBXProject section */
		0C04EAE725D8C17200BD0FA8 /* Project object */ = {
			isa = PBXProject;
			attributes = {
				CLASSPREFIX = MT;
				LastSwiftUpdateCheck = 1240;
				LastUpgradeCheck = 1240;
				TargetAttributes = {
					0C04EAEE25D8C17200BD0FA8 = {
						CreatedOnToolsVersion = 12.4;
					};
					0C04EB0425D8C17400BD0FA8 = {
						CreatedOnToolsVersion = 12.4;
						TestTargetID = 0C04EAEE25D8C17200BD0FA8;
					};
					0C04EB0F25D8C17400BD0FA8 = {
						CreatedOnToolsVersion = 12.4;
						TestTargetID = 0C04EAEE25D8C17200BD0FA8;
					};
				};
			};
			buildConfigurationList = 0C04EAEA25D8C17200BD0FA8 /* Build configuration list for PBXProject "MyTaxi" */;
			compatibilityVersion = "Xcode 9.3";
			developmentRegion = en;
			hasScannedForEncodings = 0;
			knownRegions = (
				en,
				Base,
			);
			mainGroup = 0C04EAE625D8C17200BD0FA8;
			productRefGroup = 0C04EAF025D8C17200BD0FA8 /* Products */;
			projectDirPath = "";
			projectRoot = "";
			targets = (
				0C04EAEE25D8C17200BD0FA8 /* MyTaxi */,
				0C04EB0425D8C17400BD0FA8 /* MyTaxiTests */,
				0C04EB0F25D8C17400BD0FA8 /* MyTaxiUITests */,
			);
		};
/* End PBXProject section */

/* Begin PBXResourcesBuildPhase section */
		0C04EAED25D8C17200BD0FA8 /* Resources */ = {
			isa = PBXResourcesBuildPhase;
			buildActionMask = 2147483647;
			files = (
				0C04EAFF25D8C17400BD0FA8 /* LaunchScreen.storyboard in Resources */,
				0C04EAFC25D8C17400BD0FA8 /* Assets.xcassets in Resources */,
				0CB2902125D997BF00B681AB /* materialdesignicons-webfont.ttf in Resources */,
				0CB2901825D9955A00B681AB /* Map.storyboard in Resources */,
			);
			runOnlyForDeploymentPostprocessing = 0;
		};
		0C04EB0325D8C17400BD0FA8 /* Resources */ = {
			isa = PBXResourcesBuildPhase;
			buildActionMask = 2147483647;
			files = (
			);
			runOnlyForDeploymentPostprocessing = 0;
		};
		0C04EB0E25D8C17400BD0FA8 /* Resources */ = {
			isa = PBXResourcesBuildPhase;
			buildActionMask = 2147483647;
			files = (
			);
			runOnlyForDeploymentPostprocessing = 0;
		};
/* End PBXResourcesBuildPhase section */

/* Begin PBXShellScriptBuildPhase section */
		0D9C7B6FA388413C3BD67B54 /* [CP] Check Pods Manifest.lock */ = {
			isa = PBXShellScriptBuildPhase;
			buildActionMask = 2147483647;
			files = (
			);
			inputFileListPaths = (
			);
			inputPaths = (
				"${PODS_PODFILE_DIR_PATH}/Podfile.lock",
				"${PODS_ROOT}/Manifest.lock",
			);
			name = "[CP] Check Pods Manifest.lock";
			outputFileListPaths = (
			);
			outputPaths = (
				"$(DERIVED_FILE_DIR)/Pods-MyTaxiTests-checkManifestLockResult.txt",
			);
			runOnlyForDeploymentPostprocessing = 0;
			shellPath = /bin/sh;
			shellScript = "diff \"${PODS_PODFILE_DIR_PATH}/Podfile.lock\" \"${PODS_ROOT}/Manifest.lock\" > /dev/null\nif [ $? != 0 ] ; then\n    # print error to STDERR\n    echo \"error: The sandbox is not in sync with the Podfile.lock. Run 'pod install' or update your CocoaPods installation.\" >&2\n    exit 1\nfi\n# This output is used by Xcode 'outputs' to avoid re-running this script phase.\necho \"SUCCESS\" > \"${SCRIPT_OUTPUT_FILE_0}\"\n";
			showEnvVarsInLog = 0;
		};
		4A00B58BF8A4FD738ABA110E /* [CP] Check Pods Manifest.lock */ = {
			isa = PBXShellScriptBuildPhase;
			buildActionMask = 2147483647;
			files = (
			);
			inputFileListPaths = (
			);
			inputPaths = (
				"${PODS_PODFILE_DIR_PATH}/Podfile.lock",
				"${PODS_ROOT}/Manifest.lock",
			);
			name = "[CP] Check Pods Manifest.lock";
			outputFileListPaths = (
			);
			outputPaths = (
				"$(DERIVED_FILE_DIR)/Pods-MyTaxi-MyTaxiUITests-checkManifestLockResult.txt",
			);
			runOnlyForDeploymentPostprocessing = 0;
			shellPath = /bin/sh;
			shellScript = "diff \"${PODS_PODFILE_DIR_PATH}/Podfile.lock\" \"${PODS_ROOT}/Manifest.lock\" > /dev/null\nif [ $? != 0 ] ; then\n    # print error to STDERR\n    echo \"error: The sandbox is not in sync with the Podfile.lock. Run 'pod install' or update your CocoaPods installation.\" >&2\n    exit 1\nfi\n# This output is used by Xcode 'outputs' to avoid re-running this script phase.\necho \"SUCCESS\" > \"${SCRIPT_OUTPUT_FILE_0}\"\n";
			showEnvVarsInLog = 0;
		};
		8413D4CAB0EB66BF26E84B05 /* [CP] Check Pods Manifest.lock */ = {
			isa = PBXShellScriptBuildPhase;
			buildActionMask = 2147483647;
			files = (
			);
			inputFileListPaths = (
			);
			inputPaths = (
				"${PODS_PODFILE_DIR_PATH}/Podfile.lock",
				"${PODS_ROOT}/Manifest.lock",
			);
			name = "[CP] Check Pods Manifest.lock";
			outputFileListPaths = (
			);
			outputPaths = (
				"$(DERIVED_FILE_DIR)/Pods-MyTaxi-checkManifestLockResult.txt",
			);
			runOnlyForDeploymentPostprocessing = 0;
			shellPath = /bin/sh;
			shellScript = "diff \"${PODS_PODFILE_DIR_PATH}/Podfile.lock\" \"${PODS_ROOT}/Manifest.lock\" > /dev/null\nif [ $? != 0 ] ; then\n    # print error to STDERR\n    echo \"error: The sandbox is not in sync with the Podfile.lock. Run 'pod install' or update your CocoaPods installation.\" >&2\n    exit 1\nfi\n# This output is used by Xcode 'outputs' to avoid re-running this script phase.\necho \"SUCCESS\" > \"${SCRIPT_OUTPUT_FILE_0}\"\n";
			showEnvVarsInLog = 0;
		};
		B2037DE4BD2E89D5FBE9A066 /* [CP] Embed Pods Frameworks */ = {
			isa = PBXShellScriptBuildPhase;
			buildActionMask = 2147483647;
			files = (
			);
			inputFileListPaths = (
				"${PODS_ROOT}/Target Support Files/Pods-MyTaxi/Pods-MyTaxi-frameworks-${CONFIGURATION}-input-files.xcfilelist",
			);
			name = "[CP] Embed Pods Frameworks";
			outputFileListPaths = (
				"${PODS_ROOT}/Target Support Files/Pods-MyTaxi/Pods-MyTaxi-frameworks-${CONFIGURATION}-output-files.xcfilelist",
			);
			runOnlyForDeploymentPostprocessing = 0;
			shellPath = /bin/sh;
			shellScript = "\"${PODS_ROOT}/Target Support Files/Pods-MyTaxi/Pods-MyTaxi-frameworks.sh\"\n";
			showEnvVarsInLog = 0;
		};
		E25D5850DBB4E666777BC5DC /* [CP] Embed Pods Frameworks */ = {
			isa = PBXShellScriptBuildPhase;
			buildActionMask = 2147483647;
			files = (
			);
			inputFileListPaths = (
				"${PODS_ROOT}/Target Support Files/Pods-MyTaxi-MyTaxiUITests/Pods-MyTaxi-MyTaxiUITests-frameworks-${CONFIGURATION}-input-files.xcfilelist",
			);
			name = "[CP] Embed Pods Frameworks";
			outputFileListPaths = (
				"${PODS_ROOT}/Target Support Files/Pods-MyTaxi-MyTaxiUITests/Pods-MyTaxi-MyTaxiUITests-frameworks-${CONFIGURATION}-output-files.xcfilelist",
			);
			runOnlyForDeploymentPostprocessing = 0;
			shellPath = /bin/sh;
			shellScript = "\"${PODS_ROOT}/Target Support Files/Pods-MyTaxi-MyTaxiUITests/Pods-MyTaxi-MyTaxiUITests-frameworks.sh\"\n";
			showEnvVarsInLog = 0;
		};
/* End PBXShellScriptBuildPhase section */

/* Begin PBXSourcesBuildPhase section */
		0C04EAEB25D8C17200BD0FA8 /* Sources */ = {
			isa = PBXSourcesBuildPhase;
			buildActionMask = 2147483647;
			files = (
				0C04EB3125D8C5A100BD0FA8 /* ApiError.swift in Sources */,
				0CB2903325D9A06B00B681AB /* MTMapViewController.swift in Sources */,
				0C04EAF725D8C17200BD0FA8 /* ViewController.swift in Sources */,
				0C1441BE25D9D34300383E38 /* MTView.swift in Sources */,
				0C04EB3225D8C5A100BD0FA8 /* ApiClient.swift in Sources */,
				0C04EB3325D8C5A100BD0FA8 /* ApiRouter.swift in Sources */,
				0C1441CE25D9DDED00383E38 /* MTVehicleDetailsViewController.swift in Sources */,
				0CA843A725DAC20800838558 /* MTGradientView.swift in Sources */,
				0C1441C925D9DC3F00383E38 /* MTFakeSelectionButton.swift in Sources */,
				0C07639225DADB7900EAA9F5 /* Coordinate.swift in Sources */,
				0CB2903925D9A0DE00B681AB /* MTMapAdapter.swift in Sources */,
				0CB2905425D9C66900B681AB /* MTVehicleTableViewCell.swift in Sources */,
				0C04EAF325D8C17200BD0FA8 /* AppDelegate.swift in Sources */,
				0C1441E925D9DEE700383E38 /* MTVehicleDetailsViewModel.swift in Sources */,
				0C04EB2E25D8C5A100BD0FA8 /* VehicleService.swift in Sources */,
				0C04EAF525D8C17200BD0FA8 /* SceneDelegate.swift in Sources */,
				0CA843A225DAC1E700838558 /* MTNavigationBar.swift in Sources */,
				0CB2904225D9A1F900B681AB /* MTMapProtocol.swift in Sources */,
				0CB2904B25D9AC8600B681AB /* MTVehicleListViewModel.swift in Sources */,
				0C1441C325D9D3D200383E38 /* MTButton.swift in Sources */,
				0C1441E025D9DE8200383E38 /* MTVehicleDetailsProtocol.swift in Sources */,
				0CA8439A25DABFCB00838558 /* MTMapWrapperViewController.swift in Sources */,
				0C1441D425D9DE3300383E38 /* MTVehicleDetailsAdapter.swift in Sources */,
				0CB2902E25D99FE900B681AB /* MTMapPulleyViewController.swift in Sources */,
				0C04EB4125D8C77C00BD0FA8 /* Vehicle.swift in Sources */,
				0C04EB3025D8C5A100BD0FA8 /* Constants.swift in Sources */,
			);
			runOnlyForDeploymentPostprocessing = 0;
		};
		0C04EB0125D8C17400BD0FA8 /* Sources */ = {
			isa = PBXSourcesBuildPhase;
			buildActionMask = 2147483647;
			files = (
				0C04EB0A25D8C17400BD0FA8 /* MyTaxiTests.swift in Sources */,
			);
			runOnlyForDeploymentPostprocessing = 0;
		};
		0C04EB0C25D8C17400BD0FA8 /* Sources */ = {
			isa = PBXSourcesBuildPhase;
			buildActionMask = 2147483647;
			files = (
				0C04EB1525D8C17400BD0FA8 /* MyTaxiUITests.swift in Sources */,
			);
			runOnlyForDeploymentPostprocessing = 0;
		};
/* End PBXSourcesBuildPhase section */

/* Begin PBXTargetDependency section */
		0C04EB0725D8C17400BD0FA8 /* PBXTargetDependency */ = {
			isa = PBXTargetDependency;
			target = 0C04EAEE25D8C17200BD0FA8 /* MyTaxi */;
			targetProxy = 0C04EB0625D8C17400BD0FA8 /* PBXContainerItemProxy */;
		};
		0C04EB1225D8C17400BD0FA8 /* PBXTargetDependency */ = {
			isa = PBXTargetDependency;
			target = 0C04EAEE25D8C17200BD0FA8 /* MyTaxi */;
			targetProxy = 0C04EB1125D8C17400BD0FA8 /* PBXContainerItemProxy */;
		};
/* End PBXTargetDependency section */

/* Begin PBXVariantGroup section */
		0C04EAFD25D8C17400BD0FA8 /* LaunchScreen.storyboard */ = {
			isa = PBXVariantGroup;
			children = (
				0C04EAFE25D8C17400BD0FA8 /* Base */,
			);
			name = LaunchScreen.storyboard;
			sourceTree = "<group>";
		};
/* End PBXVariantGroup section */

/* Begin XCBuildConfiguration section */
		0C04EB1725D8C17400BD0FA8 /* Debug */ = {
			isa = XCBuildConfiguration;
			buildSettings = {
				ALWAYS_SEARCH_USER_PATHS = NO;
				CLANG_ANALYZER_NONNULL = YES;
				CLANG_ANALYZER_NUMBER_OBJECT_CONVERSION = YES_AGGRESSIVE;
				CLANG_CXX_LANGUAGE_STANDARD = "gnu++14";
				CLANG_CXX_LIBRARY = "libc++";
				CLANG_ENABLE_MODULES = YES;
				CLANG_ENABLE_OBJC_ARC = YES;
				CLANG_ENABLE_OBJC_WEAK = YES;
				CLANG_WARN_BLOCK_CAPTURE_AUTORELEASING = YES;
				CLANG_WARN_BOOL_CONVERSION = YES;
				CLANG_WARN_COMMA = YES;
				CLANG_WARN_CONSTANT_CONVERSION = YES;
				CLANG_WARN_DEPRECATED_OBJC_IMPLEMENTATIONS = YES;
				CLANG_WARN_DIRECT_OBJC_ISA_USAGE = YES_ERROR;
				CLANG_WARN_DOCUMENTATION_COMMENTS = YES;
				CLANG_WARN_EMPTY_BODY = YES;
				CLANG_WARN_ENUM_CONVERSION = YES;
				CLANG_WARN_INFINITE_RECURSION = YES;
				CLANG_WARN_INT_CONVERSION = YES;
				CLANG_WARN_NON_LITERAL_NULL_CONVERSION = YES;
				CLANG_WARN_OBJC_IMPLICIT_RETAIN_SELF = YES;
				CLANG_WARN_OBJC_LITERAL_CONVERSION = YES;
				CLANG_WARN_OBJC_ROOT_CLASS = YES_ERROR;
				CLANG_WARN_QUOTED_INCLUDE_IN_FRAMEWORK_HEADER = YES;
				CLANG_WARN_RANGE_LOOP_ANALYSIS = YES;
				CLANG_WARN_STRICT_PROTOTYPES = YES;
				CLANG_WARN_SUSPICIOUS_MOVE = YES;
				CLANG_WARN_UNGUARDED_AVAILABILITY = YES_AGGRESSIVE;
				CLANG_WARN_UNREACHABLE_CODE = YES;
				CLANG_WARN__DUPLICATE_METHOD_MATCH = YES;
				COPY_PHASE_STRIP = NO;
				DEBUG_INFORMATION_FORMAT = dwarf;
				ENABLE_STRICT_OBJC_MSGSEND = YES;
				ENABLE_TESTABILITY = YES;
				GCC_C_LANGUAGE_STANDARD = gnu11;
				GCC_DYNAMIC_NO_PIC = NO;
				GCC_NO_COMMON_BLOCKS = YES;
				GCC_OPTIMIZATION_LEVEL = 0;
				GCC_PREPROCESSOR_DEFINITIONS = (
					"DEBUG=1",
					"$(inherited)",
				);
				GCC_WARN_64_TO_32_BIT_CONVERSION = YES;
				GCC_WARN_ABOUT_RETURN_TYPE = YES_ERROR;
				GCC_WARN_UNDECLARED_SELECTOR = YES;
				GCC_WARN_UNINITIALIZED_AUTOS = YES_AGGRESSIVE;
				GCC_WARN_UNUSED_FUNCTION = YES;
				GCC_WARN_UNUSED_VARIABLE = YES;
				IPHONEOS_DEPLOYMENT_TARGET = 14.4;
				MTL_ENABLE_DEBUG_INFO = INCLUDE_SOURCE;
				MTL_FAST_MATH = YES;
				ONLY_ACTIVE_ARCH = YES;
				SDKROOT = iphoneos;
				SWIFT_ACTIVE_COMPILATION_CONDITIONS = DEBUG;
				SWIFT_OPTIMIZATION_LEVEL = "-Onone";
			};
			name = Debug;
		};
		0C04EB1825D8C17400BD0FA8 /* Release */ = {
			isa = XCBuildConfiguration;
			buildSettings = {
				ALWAYS_SEARCH_USER_PATHS = NO;
				CLANG_ANALYZER_NONNULL = YES;
				CLANG_ANALYZER_NUMBER_OBJECT_CONVERSION = YES_AGGRESSIVE;
				CLANG_CXX_LANGUAGE_STANDARD = "gnu++14";
				CLANG_CXX_LIBRARY = "libc++";
				CLANG_ENABLE_MODULES = YES;
				CLANG_ENABLE_OBJC_ARC = YES;
				CLANG_ENABLE_OBJC_WEAK = YES;
				CLANG_WARN_BLOCK_CAPTURE_AUTORELEASING = YES;
				CLANG_WARN_BOOL_CONVERSION = YES;
				CLANG_WARN_COMMA = YES;
				CLANG_WARN_CONSTANT_CONVERSION = YES;
				CLANG_WARN_DEPRECATED_OBJC_IMPLEMENTATIONS = YES;
				CLANG_WARN_DIRECT_OBJC_ISA_USAGE = YES_ERROR;
				CLANG_WARN_DOCUMENTATION_COMMENTS = YES;
				CLANG_WARN_EMPTY_BODY = YES;
				CLANG_WARN_ENUM_CONVERSION = YES;
				CLANG_WARN_INFINITE_RECURSION = YES;
				CLANG_WARN_INT_CONVERSION = YES;
				CLANG_WARN_NON_LITERAL_NULL_CONVERSION = YES;
				CLANG_WARN_OBJC_IMPLICIT_RETAIN_SELF = YES;
				CLANG_WARN_OBJC_LITERAL_CONVERSION = YES;
				CLANG_WARN_OBJC_ROOT_CLASS = YES_ERROR;
				CLANG_WARN_QUOTED_INCLUDE_IN_FRAMEWORK_HEADER = YES;
				CLANG_WARN_RANGE_LOOP_ANALYSIS = YES;
				CLANG_WARN_STRICT_PROTOTYPES = YES;
				CLANG_WARN_SUSPICIOUS_MOVE = YES;
				CLANG_WARN_UNGUARDED_AVAILABILITY = YES_AGGRESSIVE;
				CLANG_WARN_UNREACHABLE_CODE = YES;
				CLANG_WARN__DUPLICATE_METHOD_MATCH = YES;
				COPY_PHASE_STRIP = NO;
				DEBUG_INFORMATION_FORMAT = "dwarf-with-dsym";
				ENABLE_NS_ASSERTIONS = NO;
				ENABLE_STRICT_OBJC_MSGSEND = YES;
				GCC_C_LANGUAGE_STANDARD = gnu11;
				GCC_NO_COMMON_BLOCKS = YES;
				GCC_WARN_64_TO_32_BIT_CONVERSION = YES;
				GCC_WARN_ABOUT_RETURN_TYPE = YES_ERROR;
				GCC_WARN_UNDECLARED_SELECTOR = YES;
				GCC_WARN_UNINITIALIZED_AUTOS = YES_AGGRESSIVE;
				GCC_WARN_UNUSED_FUNCTION = YES;
				GCC_WARN_UNUSED_VARIABLE = YES;
				IPHONEOS_DEPLOYMENT_TARGET = 14.4;
				MTL_ENABLE_DEBUG_INFO = NO;
				MTL_FAST_MATH = YES;
				SDKROOT = iphoneos;
				SWIFT_COMPILATION_MODE = wholemodule;
				SWIFT_OPTIMIZATION_LEVEL = "-O";
				VALIDATE_PRODUCT = YES;
			};
			name = Release;
		};
		0C04EB1A25D8C17400BD0FA8 /* Debug */ = {
			isa = XCBuildConfiguration;
			baseConfigurationReference = 3DCFC05AFA7E3581FE375A59 /* Pods-MyTaxi.debug.xcconfig */;
			buildSettings = {
				ASSETCATALOG_COMPILER_APPICON_NAME = AppIcon;
				ASSETCATALOG_COMPILER_GLOBAL_ACCENT_COLOR_NAME = AccentColor;
				CODE_SIGN_STYLE = Automatic;
				DEVELOPMENT_TEAM = VZB2Z99GV8;
				INFOPLIST_FILE = MyTaxi/Supporting/Info.plist;
				LD_RUNPATH_SEARCH_PATHS = (
					"$(inherited)",
					"@executable_path/Frameworks",
				);
				PRODUCT_BUNDLE_IDENTIFIER = finotti.MyTaxi;
				PRODUCT_NAME = "$(TARGET_NAME)";
				SWIFT_VERSION = 5.0;
				TARGETED_DEVICE_FAMILY = "1,2";
			};
			name = Debug;
		};
		0C04EB1B25D8C17400BD0FA8 /* Release */ = {
			isa = XCBuildConfiguration;
			baseConfigurationReference = 895022AA3F9B1E4F716600B4 /* Pods-MyTaxi.release.xcconfig */;
			buildSettings = {
				ASSETCATALOG_COMPILER_APPICON_NAME = AppIcon;
				ASSETCATALOG_COMPILER_GLOBAL_ACCENT_COLOR_NAME = AccentColor;
				CODE_SIGN_STYLE = Automatic;
				DEVELOPMENT_TEAM = VZB2Z99GV8;
				INFOPLIST_FILE = MyTaxi/Supporting/Info.plist;
				LD_RUNPATH_SEARCH_PATHS = (
					"$(inherited)",
					"@executable_path/Frameworks",
				);
				PRODUCT_BUNDLE_IDENTIFIER = finotti.MyTaxi;
				PRODUCT_NAME = "$(TARGET_NAME)";
				SWIFT_VERSION = 5.0;
				TARGETED_DEVICE_FAMILY = "1,2";
			};
			name = Release;
		};
		0C04EB1D25D8C17400BD0FA8 /* Debug */ = {
			isa = XCBuildConfiguration;
			baseConfigurationReference = BB81B7F9965F7461AA9A46DB /* Pods-MyTaxiTests.debug.xcconfig */;
			buildSettings = {
				ALWAYS_EMBED_SWIFT_STANDARD_LIBRARIES = YES;
				BUNDLE_LOADER = "$(TEST_HOST)";
				CODE_SIGN_STYLE = Automatic;
				DEVELOPMENT_TEAM = VZB2Z99GV8;
				INFOPLIST_FILE = MyTaxiTests/Info.plist;
				IPHONEOS_DEPLOYMENT_TARGET = 14.4;
				LD_RUNPATH_SEARCH_PATHS = (
					"$(inherited)",
					"@executable_path/Frameworks",
					"@loader_path/Frameworks",
				);
				PRODUCT_BUNDLE_IDENTIFIER = finotti.MyTaxiTests;
				PRODUCT_NAME = "$(TARGET_NAME)";
				SWIFT_VERSION = 5.0;
				TARGETED_DEVICE_FAMILY = "1,2";
				TEST_HOST = "$(BUILT_PRODUCTS_DIR)/MyTaxi.app/MyTaxi";
			};
			name = Debug;
		};
		0C04EB1E25D8C17400BD0FA8 /* Release */ = {
			isa = XCBuildConfiguration;
			baseConfigurationReference = 9F463237B4CBE821DF8575B8 /* Pods-MyTaxiTests.release.xcconfig */;
			buildSettings = {
				ALWAYS_EMBED_SWIFT_STANDARD_LIBRARIES = YES;
				BUNDLE_LOADER = "$(TEST_HOST)";
				CODE_SIGN_STYLE = Automatic;
				DEVELOPMENT_TEAM = VZB2Z99GV8;
				INFOPLIST_FILE = MyTaxiTests/Info.plist;
				IPHONEOS_DEPLOYMENT_TARGET = 14.4;
				LD_RUNPATH_SEARCH_PATHS = (
					"$(inherited)",
					"@executable_path/Frameworks",
					"@loader_path/Frameworks",
				);
				PRODUCT_BUNDLE_IDENTIFIER = finotti.MyTaxiTests;
				PRODUCT_NAME = "$(TARGET_NAME)";
				SWIFT_VERSION = 5.0;
				TARGETED_DEVICE_FAMILY = "1,2";
				TEST_HOST = "$(BUILT_PRODUCTS_DIR)/MyTaxi.app/MyTaxi";
			};
			name = Release;
		};
		0C04EB2025D8C17400BD0FA8 /* Debug */ = {
			isa = XCBuildConfiguration;
			baseConfigurationReference = ACDA586F456BF6C3C5ED7D1E /* Pods-MyTaxi-MyTaxiUITests.debug.xcconfig */;
			buildSettings = {
				ALWAYS_EMBED_SWIFT_STANDARD_LIBRARIES = YES;
				CODE_SIGN_STYLE = Automatic;
				DEVELOPMENT_TEAM = VZB2Z99GV8;
				INFOPLIST_FILE = MyTaxiUITests/Info.plist;
				LD_RUNPATH_SEARCH_PATHS = (
					"$(inherited)",
					"@executable_path/Frameworks",
					"@loader_path/Frameworks",
				);
				PRODUCT_BUNDLE_IDENTIFIER = finotti.MyTaxiUITests;
				PRODUCT_NAME = "$(TARGET_NAME)";
				SWIFT_VERSION = 5.0;
				TARGETED_DEVICE_FAMILY = "1,2";
				TEST_TARGET_NAME = MyTaxi;
			};
			name = Debug;
		};
		0C04EB2125D8C17400BD0FA8 /* Release */ = {
			isa = XCBuildConfiguration;
			baseConfigurationReference = CFCD1EC487A7032BABA17E35 /* Pods-MyTaxi-MyTaxiUITests.release.xcconfig */;
			buildSettings = {
				ALWAYS_EMBED_SWIFT_STANDARD_LIBRARIES = YES;
				CODE_SIGN_STYLE = Automatic;
				DEVELOPMENT_TEAM = VZB2Z99GV8;
				INFOPLIST_FILE = MyTaxiUITests/Info.plist;
				LD_RUNPATH_SEARCH_PATHS = (
					"$(inherited)",
					"@executable_path/Frameworks",
					"@loader_path/Frameworks",
				);
				PRODUCT_BUNDLE_IDENTIFIER = finotti.MyTaxiUITests;
				PRODUCT_NAME = "$(TARGET_NAME)";
				SWIFT_VERSION = 5.0;
				TARGETED_DEVICE_FAMILY = "1,2";
				TEST_TARGET_NAME = MyTaxi;
			};
			name = Release;
		};
/* End XCBuildConfiguration section */

/* Begin XCConfigurationList section */
		0C04EAEA25D8C17200BD0FA8 /* Build configuration list for PBXProject "MyTaxi" */ = {
			isa = XCConfigurationList;
			buildConfigurations = (
				0C04EB1725D8C17400BD0FA8 /* Debug */,
				0C04EB1825D8C17400BD0FA8 /* Release */,
			);
			defaultConfigurationIsVisible = 0;
			defaultConfigurationName = Release;
		};
		0C04EB1925D8C17400BD0FA8 /* Build configuration list for PBXNativeTarget "MyTaxi" */ = {
			isa = XCConfigurationList;
			buildConfigurations = (
				0C04EB1A25D8C17400BD0FA8 /* Debug */,
				0C04EB1B25D8C17400BD0FA8 /* Release */,
			);
			defaultConfigurationIsVisible = 0;
			defaultConfigurationName = Release;
		};
		0C04EB1C25D8C17400BD0FA8 /* Build configuration list for PBXNativeTarget "MyTaxiTests" */ = {
			isa = XCConfigurationList;
			buildConfigurations = (
				0C04EB1D25D8C17400BD0FA8 /* Debug */,
				0C04EB1E25D8C17400BD0FA8 /* Release */,
			);
			defaultConfigurationIsVisible = 0;
			defaultConfigurationName = Release;
		};
		0C04EB1F25D8C17400BD0FA8 /* Build configuration list for PBXNativeTarget "MyTaxiUITests" */ = {
			isa = XCConfigurationList;
			buildConfigurations = (
				0C04EB2025D8C17400BD0FA8 /* Debug */,
				0C04EB2125D8C17400BD0FA8 /* Release */,
			);
			defaultConfigurationIsVisible = 0;
			defaultConfigurationName = Release;
		};
/* End XCConfigurationList section */
	};
	rootObject = 0C04EAE725D8C17200BD0FA8 /* Project object */;
}
